
Microsoft Visual Studio Solution File, Format Version 12.00
# Visual Studio Version 17
VisualStudioVersion = 17.2.32516.85
MinimumVisualStudioVersion = 10.0.40219.1
Project("{FAE04EC0-301F-11D3-BF4B-00C04F79EFBC}") = "FindMaximumNumber", "FindMaximumNumber\FindMaximumNumber.csproj", "{DFD7EA9C-8F49-431C-916D-575EBC3CA998}"
EndProject
Global
	GlobalSection(SolutionConfigurationPlatforms) = preSolution
		Debug|Any CPU = Debug|Any CPU
		Release|Any CPU = Release|Any CPU
	EndGlobalSection
	GlobalSection(ProjectConfigurationPlatforms) = postSolution
		{DFD7EA9C-8F49-431C-916D-575EBC3CA998}.Debug|Any CPU.ActiveCfg = Debug|Any CPU
		{DFD7EA9C-8F49-431C-916D-575EBC3CA998}.Debug|Any CPU.Build.0 = Debug|Any CPU
		{DFD7EA9C-8F49-431C-916D-575EBC3CA998}.Release|Any CPU.ActiveCfg = Release|Any CPU
		{DFD7EA9C-8F49-431C-916D-575EBC3CA998}.Release|Any CPU.Build.0 = Release|Any CPU
	EndGlobalSection
	GlobalSection(SolutionProperties) = preSolution
		HideSolutionNode = FALSE
	EndGlobalSection
	GlobalSection(ExtensibilityGlobals) = postSolution
		SolutionGuid = {2DDB19B9-52F2-45FC-8E25-38698F84758A}
	EndGlobalSection
EndGlobal
